{
  "name": "aoc2019",
  "version": "1.0.0",
  "lockfileVersion": 1,
  "requires": true,
  "dependencies": {
    "@types/lodash": {
      "version": "4.14.149",
      "resolved": "https://registry.npmjs.org/@types/lodash/-/lodash-4.14.149.tgz",
      "integrity": "sha512-ijGqzZt/b7BfzcK9vTrS6MFljQRPn5BFWOx8oE0GYxribu6uV+aA9zZuXI1zc/etK9E8nrgdoF2+LgUw7+9tJQ=="
    },
    "@types/node": {
      "version": "12.12.14",
      "resolved": "https://registry.npmjs.org/@types/node/-/node-12.12.14.tgz",
      "integrity": "sha512-u/SJDyXwuihpwjXy7hOOghagLEV1KdAST6syfnOk6QZAMzZuWZqXy5aYYZbh8Jdpd4escVFP0MvftHNDb9pruA=="
    },
    "lodash": {
      "version": "4.17.21",
      "resolved": "https://registry.npmjs.org/lodash/-/lodash-4.17.21.tgz",
      "integrity": "sha512-v2kDEe57lecTulaDIuNTPy3Ry4gLGJ6Z1O3vE1krgXZNrsQ+LFTGHVxVjcXPs17LhbZVGedAJv8XZ1tvj5FvSg=="
    },
    "prettier": {
      "version": "1.19.1",
      "resolved": "https://registry.npmjs.org/prettier/-/prettier-1.19.1.tgz",
      "integrity": "sha512-s7PoyDv/II1ObgQunCbB9PdLmUcBZcnWOcxDh7O0N/UwDEsHyqkW+Qh28jW+mVuCdx7gLB0BotYI1Y6uI9iyew=="
    },
    "stdio": {
      "version": "2.0.1",
      "resolved": "https://registry.npmjs.org/stdio/-/stdio-2.0.1.tgz",
      "integrity": "sha512-Wtg4V5jjzdkftHzUtSS43FSTU1zyl93g3EqZ8Cb02oJvxBRq0HD1f63S57fioV70KyLSjzBNpv8bmWm9kY1GyQ=="
    },
    "typescript": {
      "version": "3.8.0-dev.20191204",
      "resolved": "https://registry.npmjs.org/typescript/-/typescript-3.8.0-dev.20191204.tgz",
      "integrity": "sha512-4T10Zfx2r2yi7ZhdPrfwBoQcTfC44bM7mW0lgE6hhiSZ6nDcznLRJKjUZdPM1LcVqSX8etuiIfDKTeYihP9GaQ=="
    }
  }
}
